// !$*UTF8*$!
{
	archiveVersion = 1;
	classes = {
	};
	objectVersion = 48;
	objects = {

/* Begin PBXBuildFile section */
		001D86CB1FCE52F0009D0AD5 /* Thread.swift in Sources */ = {isa = PBXBuildFile; fileRef = 001D86CA1FCE52F0009D0AD5 /* Thread.swift */; };
		001D86CC1FCE52F0009D0AD5 /* Thread.swift in Sources */ = {isa = PBXBuildFile; fileRef = 001D86CA1FCE52F0009D0AD5 /* Thread.swift */; };
		0038A65F1FCB59E9006998BB /* APIManagerTests.swift in Sources */ = {isa = PBXBuildFile; fileRef = 0038A65E1FCB59E9006998BB /* APIManagerTests.swift */; };
		0038A6601FCB5DE2006998BB /* APIManager.swift in Sources */ = {isa = PBXBuildFile; fileRef = 00D6E2631FCB054600390648 /* APIManager.swift */; };
		004367D21FCA6DA500A2C020 /* AppDelegate.swift in Sources */ = {isa = PBXBuildFile; fileRef = 004367D11FCA6DA500A2C020 /* AppDelegate.swift */; };
		004367D41FCA6DA500A2C020 /* ViewController.swift in Sources */ = {isa = PBXBuildFile; fileRef = 004367D31FCA6DA500A2C020 /* ViewController.swift */; };
		004367D71FCA6DA500A2C020 /* Main.storyboard in Resources */ = {isa = PBXBuildFile; fileRef = 004367D51FCA6DA500A2C020 /* Main.storyboard */; };
		004367D91FCA6DA500A2C020 /* Assets.xcassets in Resources */ = {isa = PBXBuildFile; fileRef = 004367D81FCA6DA500A2C020 /* Assets.xcassets */; };
		004367DC1FCA6DA500A2C020 /* LaunchScreen.storyboard in Resources */ = {isa = PBXBuildFile; fileRef = 004367DA1FCA6DA500A2C020 /* LaunchScreen.storyboard */; };
		004367E71FCA6DA500A2C020 /* TigerDroppingsTests.swift in Sources */ = {isa = PBXBuildFile; fileRef = 004367E61FCA6DA500A2C020 /* TigerDroppingsTests.swift */; };
		004367F21FCA6DA500A2C020 /* TigerDroppingsUITests.swift in Sources */ = {isa = PBXBuildFile; fileRef = 004367F11FCA6DA500A2C020 /* TigerDroppingsUITests.swift */; };
		004368001FCA6E6A00A2C020 /* BoardTitlesViewCell.swift in Sources */ = {isa = PBXBuildFile; fileRef = 004367FF1FCA6E6A00A2C020 /* BoardTitlesViewCell.swift */; };
		004368021FCA719300A2C020 /* BoardTitlesViewController.swift in Sources */ = {isa = PBXBuildFile; fileRef = 004368011FCA719300A2C020 /* BoardTitlesViewController.swift */; };
		004368041FCA741200A2C020 /* Board.swift in Sources */ = {isa = PBXBuildFile; fileRef = 004368031FCA741200A2C020 /* Board.swift */; };
		004368051FCA79E700A2C020 /* Board.swift in Sources */ = {isa = PBXBuildFile; fileRef = 004368031FCA741200A2C020 /* Board.swift */; };
		00C037871FCB693B00F1B505 /* BoardThreadsViewController.swift in Sources */ = {isa = PBXBuildFile; fileRef = 00C037861FCB693B00F1B505 /* BoardThreadsViewController.swift */; };
		00C037891FCB69F600F1B505 /* BoardThreadsViewCell.swift in Sources */ = {isa = PBXBuildFile; fileRef = 00C037881FCB69F600F1B505 /* BoardThreadsViewCell.swift */; };
		00C0378B1FCB754A00F1B505 /* TDParser.swift in Sources */ = {isa = PBXBuildFile; fileRef = 00C0378A1FCB754A00F1B505 /* TDParser.swift */; };
		00C0378C1FCB754E00F1B505 /* TDParser.swift in Sources */ = {isa = PBXBuildFile; fileRef = 00C0378A1FCB754A00F1B505 /* TDParser.swift */; };
		00CAB43F1FD3A8520030E03E /* BoardNames.plist in Resources */ = {isa = PBXBuildFile; fileRef = 00CAB43E1FD3A8520030E03E /* BoardNames.plist */; };
		00CAB4401FD3A8520030E03E /* BoardNames.plist in Resources */ = {isa = PBXBuildFile; fileRef = 00CAB43E1FD3A8520030E03E /* BoardNames.plist */; };
		00CAB4411FD3A8520030E03E /* BoardNames.plist in Resources */ = {isa = PBXBuildFile; fileRef = 00CAB43E1FD3A8520030E03E /* BoardNames.plist */; };
		00CAB4471FD3A8E20030E03E /* BoardLinks.plist in Resources */ = {isa = PBXBuildFile; fileRef = 00CAB4461FD3A8E20030E03E /* BoardLinks.plist */; };
		00CAB4481FD3A8E20030E03E /* BoardLinks.plist in Resources */ = {isa = PBXBuildFile; fileRef = 00CAB4461FD3A8E20030E03E /* BoardLinks.plist */; };
		00CAB4491FD3A8E20030E03E /* BoardLinks.plist in Resources */ = {isa = PBXBuildFile; fileRef = 00CAB4461FD3A8E20030E03E /* BoardLinks.plist */; };
		00D6E2641FCB054600390648 /* APIManager.swift in Sources */ = {isa = PBXBuildFile; fileRef = 00D6E2631FCB054600390648 /* APIManager.swift */; };
		1325F6E0AA25549AD0EFE266 /* Pods_TigerDroppingsTests.framework in Frameworks */ = {isa = PBXBuildFile; fileRef = 8E8BBDDB95C941ABE10706F5 /* Pods_TigerDroppingsTests.framework */; };
		49EEDE6F110647DC87B8CB8C /* Pods_TigerDroppingsUITests.framework in Frameworks */ = {isa = PBXBuildFile; fileRef = 65B7A3B18C6F57B74A1BC0D0 /* Pods_TigerDroppingsUITests.framework */; };
		E991EFC169FCDCA01618D324 /* Pods_TigerDroppings.framework in Frameworks */ = {isa = PBXBuildFile; fileRef = F405D14BDBBED921848EA637 /* Pods_TigerDroppings.framework */; };
/* End PBXBuildFile section */

/* Begin PBXContainerItemProxy section */
		004367E31FCA6DA500A2C020 /* PBXContainerItemProxy */ = {
			isa = PBXContainerItemProxy;
			containerPortal = 004367C61FCA6DA500A2C020 /* Project object */;
			proxyType = 1;
			remoteGlobalIDString = 004367CD1FCA6DA500A2C020;
			remoteInfo = TigerDroppings;
		};
		004367EE1FCA6DA500A2C020 /* PBXContainerItemProxy */ = {
			isa = PBXContainerItemProxy;
			containerPortal = 004367C61FCA6DA500A2C020 /* Project object */;
			proxyType = 1;
			remoteGlobalIDString = 004367CD1FCA6DA500A2C020;
			remoteInfo = TigerDroppings;
		};
/* End PBXContainerItemProxy section */

/* Begin PBXCopyFilesBuildPhase section */
		00D6E26A1FCB505B00390648 /* Embed Frameworks */ = {
			isa = PBXCopyFilesBuildPhase;
			buildActionMask = 2147483647;
			dstPath = "";
			dstSubfolderSpec = 10;
			files = (
			);
			name = "Embed Frameworks";
			runOnlyForDeploymentPostprocessing = 0;
		};
/* End PBXCopyFilesBuildPhase section */

/* Begin PBXFileReference section */
		001D86CA1FCE52F0009D0AD5 /* Thread.swift */ = {isa = PBXFileReference; lastKnownFileType = sourcecode.swift; path = Thread.swift; sourceTree = "<group>"; };
		0038A65E1FCB59E9006998BB /* APIManagerTests.swift */ = {isa = PBXFileReference; lastKnownFileType = sourcecode.swift; path = APIManagerTests.swift; sourceTree = "<group>"; };
		004367CE1FCA6DA500A2C020 /* TigerDroppings.app */ = {isa = PBXFileReference; explicitFileType = wrapper.application; includeInIndex = 0; path = TigerDroppings.app; sourceTree = BUILT_PRODUCTS_DIR; };
		004367D11FCA6DA500A2C020 /* AppDelegate.swift */ = {isa = PBXFileReference; lastKnownFileType = sourcecode.swift; path = AppDelegate.swift; sourceTree = "<group>"; };
		004367D31FCA6DA500A2C020 /* ViewController.swift */ = {isa = PBXFileReference; lastKnownFileType = sourcecode.swift; path = ViewController.swift; sourceTree = "<group>"; };
		004367D61FCA6DA500A2C020 /* Base */ = {isa = PBXFileReference; lastKnownFileType = file.storyboard; name = Base; path = Base.lproj/Main.storyboard; sourceTree = "<group>"; };
		004367D81FCA6DA500A2C020 /* Assets.xcassets */ = {isa = PBXFileReference; lastKnownFileType = folder.assetcatalog; path = Assets.xcassets; sourceTree = "<group>"; };
		004367DB1FCA6DA500A2C020 /* Base */ = {isa = PBXFileReference; lastKnownFileType = file.storyboard; name = Base; path = Base.lproj/LaunchScreen.storyboard; sourceTree = "<group>"; };
		004367DD1FCA6DA500A2C020 /* Info.plist */ = {isa = PBXFileReference; lastKnownFileType = text.plist.xml; path = Info.plist; sourceTree = "<group>"; };
		004367E21FCA6DA500A2C020 /* TigerDroppingsTests.xctest */ = {isa = PBXFileReference; explicitFileType = wrapper.cfbundle; includeInIndex = 0; path = TigerDroppingsTests.xctest; sourceTree = BUILT_PRODUCTS_DIR; };
		004367E61FCA6DA500A2C020 /* TigerDroppingsTests.swift */ = {isa = PBXFileReference; lastKnownFileType = sourcecode.swift; path = TigerDroppingsTests.swift; sourceTree = "<group>"; };
		004367E81FCA6DA500A2C020 /* Info.plist */ = {isa = PBXFileReference; lastKnownFileType = text.plist.xml; path = Info.plist; sourceTree = "<group>"; };
		004367ED1FCA6DA500A2C020 /* TigerDroppingsUITests.xctest */ = {isa = PBXFileReference; explicitFileType = wrapper.cfbundle; includeInIndex = 0; path = TigerDroppingsUITests.xctest; sourceTree = BUILT_PRODUCTS_DIR; };
		004367F11FCA6DA500A2C020 /* TigerDroppingsUITests.swift */ = {isa = PBXFileReference; lastKnownFileType = sourcecode.swift; path = TigerDroppingsUITests.swift; sourceTree = "<group>"; };
		004367F31FCA6DA500A2C020 /* Info.plist */ = {isa = PBXFileReference; lastKnownFileType = text.plist.xml; path = Info.plist; sourceTree = "<group>"; };
		004367FF1FCA6E6A00A2C020 /* BoardTitlesViewCell.swift */ = {isa = PBXFileReference; lastKnownFileType = sourcecode.swift; path = BoardTitlesViewCell.swift; sourceTree = "<group>"; };
		004368011FCA719300A2C020 /* BoardTitlesViewController.swift */ = {isa = PBXFileReference; lastKnownFileType = sourcecode.swift; path = BoardTitlesViewController.swift; sourceTree = "<group>"; };
		004368031FCA741200A2C020 /* Board.swift */ = {isa = PBXFileReference; lastKnownFileType = sourcecode.swift; path = Board.swift; sourceTree = "<group>"; };
		00C037861FCB693B00F1B505 /* BoardThreadsViewController.swift */ = {isa = PBXFileReference; lastKnownFileType = sourcecode.swift; path = BoardThreadsViewController.swift; sourceTree = "<group>"; };
		00C037881FCB69F600F1B505 /* BoardThreadsViewCell.swift */ = {isa = PBXFileReference; lastKnownFileType = sourcecode.swift; path = BoardThreadsViewCell.swift; sourceTree = "<group>"; };
		00C0378A1FCB754A00F1B505 /* TDParser.swift */ = {isa = PBXFileReference; lastKnownFileType = sourcecode.swift; path = TDParser.swift; sourceTree = "<group>"; };
		00C037931FCD04FD00F1B505 /* .travis.yml */ = {isa = PBXFileReference; lastKnownFileType = text; path = .travis.yml; sourceTree = "<group>"; };
		00CAB43E1FD3A8520030E03E /* BoardNames.plist */ = {isa = PBXFileReference; lastKnownFileType = text.plist.xml; path = BoardNames.plist; sourceTree = "<group>"; };
		00CAB4461FD3A8E20030E03E /* BoardLinks.plist */ = {isa = PBXFileReference; fileEncoding = 4; lastKnownFileType = text.plist.xml; path = BoardLinks.plist; sourceTree = "<group>"; };
		00D6E2631FCB054600390648 /* APIManager.swift */ = {isa = PBXFileReference; lastKnownFileType = sourcecode.swift; path = APIManager.swift; sourceTree = "<group>"; };
		1C452B4071EE4428E0C8BA2E /* Pods-TigerDroppings.debug.xcconfig */ = {isa = PBXFileReference; includeInIndex = 1; lastKnownFileType = text.xcconfig; name = "Pods-TigerDroppings.debug.xcconfig"; path = "Pods/Target Support Files/Pods-TigerDroppings/Pods-TigerDroppings.debug.xcconfig"; sourceTree = "<group>"; };
		65B7A3B18C6F57B74A1BC0D0 /* Pods_TigerDroppingsUITests.framework */ = {isa = PBXFileReference; explicitFileType = wrapper.framework; includeInIndex = 0; path = Pods_TigerDroppingsUITests.framework; sourceTree = BUILT_PRODUCTS_DIR; };
		8E8BBDDB95C941ABE10706F5 /* Pods_TigerDroppingsTests.framework */ = {isa = PBXFileReference; explicitFileType = wrapper.framework; includeInIndex = 0; path = Pods_TigerDroppingsTests.framework; sourceTree = BUILT_PRODUCTS_DIR; };
		A82DEE51972670C29860FAA5 /* Pods-TigerDroppingsUITests.release.xcconfig */ = {isa = PBXFileReference; includeInIndex = 1; lastKnownFileType = text.xcconfig; name = "Pods-TigerDroppingsUITests.release.xcconfig"; path = "Pods/Target Support Files/Pods-TigerDroppingsUITests/Pods-TigerDroppingsUITests.release.xcconfig"; sourceTree = "<group>"; };
		C9F38FD4A020CDA37B7D3B98 /* Pods-TigerDroppingsTests.debug.xcconfig */ = {isa = PBXFileReference; includeInIndex = 1; lastKnownFileType = text.xcconfig; name = "Pods-TigerDroppingsTests.debug.xcconfig"; path = "Pods/Target Support Files/Pods-TigerDroppingsTests/Pods-TigerDroppingsTests.debug.xcconfig"; sourceTree = "<group>"; };
		CAB9207942AA8EB484583B86 /* Pods-TigerDroppings.release.xcconfig */ = {isa = PBXFileReference; includeInIndex = 1; lastKnownFileType = text.xcconfig; name = "Pods-TigerDroppings.release.xcconfig"; path = "Pods/Target Support Files/Pods-TigerDroppings/Pods-TigerDroppings.release.xcconfig"; sourceTree = "<group>"; };
		DF9BBBDB481BF374236E939E /* Pods-TigerDroppingsUITests.debug.xcconfig */ = {isa = PBXFileReference; includeInIndex = 1; lastKnownFileType = text.xcconfig; name = "Pods-TigerDroppingsUITests.debug.xcconfig"; path = "Pods/Target Support Files/Pods-TigerDroppingsUITests/Pods-TigerDroppingsUITests.debug.xcconfig"; sourceTree = "<group>"; };
		EFE8B04A114584B491ACA467 /* Pods-TigerDroppingsTests.release.xcconfig */ = {isa = PBXFileReference; includeInIndex = 1; lastKnownFileType = text.xcconfig; name = "Pods-TigerDroppingsTests.release.xcconfig"; path = "Pods/Target Support Files/Pods-TigerDroppingsTests/Pods-TigerDroppingsTests.release.xcconfig"; sourceTree = "<group>"; };
		F405D14BDBBED921848EA637 /* Pods_TigerDroppings.framework */ = {isa = PBXFileReference; explicitFileType = wrapper.framework; includeInIndex = 0; path = Pods_TigerDroppings.framework; sourceTree = BUILT_PRODUCTS_DIR; };
/* End PBXFileReference section */

/* Begin PBXFrameworksBuildPhase section */
		004367CB1FCA6DA500A2C020 /* Frameworks */ = {
			isa = PBXFrameworksBuildPhase;
			buildActionMask = 2147483647;
			files = (
				E991EFC169FCDCA01618D324 /* Pods_TigerDroppings.framework in Frameworks */,
			);
			runOnlyForDeploymentPostprocessing = 0;
		};
		004367DF1FCA6DA500A2C020 /* Frameworks */ = {
			isa = PBXFrameworksBuildPhase;
			buildActionMask = 2147483647;
			files = (
				1325F6E0AA25549AD0EFE266 /* Pods_TigerDroppingsTests.framework in Frameworks */,
			);
			runOnlyForDeploymentPostprocessing = 0;
		};
		004367EA1FCA6DA500A2C020 /* Frameworks */ = {
			isa = PBXFrameworksBuildPhase;
			buildActionMask = 2147483647;
			files = (
				49EEDE6F110647DC87B8CB8C /* Pods_TigerDroppingsUITests.framework in Frameworks */,
			);
			runOnlyForDeploymentPostprocessing = 0;
		};
/* End PBXFrameworksBuildPhase section */

/* Begin PBXGroup section */
		004367C51FCA6DA500A2C020 = {
			isa = PBXGroup;
			children = (
				00C037931FCD04FD00F1B505 /* .travis.yml */,
				004367D01FCA6DA500A2C020 /* TigerDroppings */,
				004367E51FCA6DA500A2C020 /* TigerDroppingsTests */,
				004367F01FCA6DA500A2C020 /* TigerDroppingsUITests */,
				004367CF1FCA6DA500A2C020 /* Products */,
				570D35C6C322E4CCC75AC01E /* Pods */,
				E27581EC96F6F608AA56FF83 /* Frameworks */,
			);
			sourceTree = "<group>";
		};
		004367CF1FCA6DA500A2C020 /* Products */ = {
			isa = PBXGroup;
			children = (
				004367CE1FCA6DA500A2C020 /* TigerDroppings.app */,
				004367E21FCA6DA500A2C020 /* TigerDroppingsTests.xctest */,
				004367ED1FCA6DA500A2C020 /* TigerDroppingsUITests.xctest */,
			);
			name = Products;
			sourceTree = "<group>";
		};
		004367D01FCA6DA500A2C020 /* TigerDroppings */ = {
			isa = PBXGroup;
			children = (
				00CAB4461FD3A8E20030E03E /* BoardLinks.plist */,
				00CAB43E1FD3A8520030E03E /* BoardNames.plist */,
				004367D11FCA6DA500A2C020 /* AppDelegate.swift */,
				004367D31FCA6DA500A2C020 /* ViewController.swift */,
				004367D51FCA6DA500A2C020 /* Main.storyboard */,
				004368011FCA719300A2C020 /* BoardTitlesViewController.swift */,
				00C037861FCB693B00F1B505 /* BoardThreadsViewController.swift */,
				004367FF1FCA6E6A00A2C020 /* BoardTitlesViewCell.swift */,
				00C037881FCB69F600F1B505 /* BoardThreadsViewCell.swift */,
				004367D81FCA6DA500A2C020 /* Assets.xcassets */,
				004367DA1FCA6DA500A2C020 /* LaunchScreen.storyboard */,
				004367DD1FCA6DA500A2C020 /* Info.plist */,
				00D6E2631FCB054600390648 /* APIManager.swift */,
				004368031FCA741200A2C020 /* Board.swift */,
				001D86CA1FCE52F0009D0AD5 /* Thread.swift */,
				00C0378A1FCB754A00F1B505 /* TDParser.swift */,
			);
			path = TigerDroppings;
			sourceTree = "<group>";
		};
		004367E51FCA6DA500A2C020 /* TigerDroppingsTests */ = {
			isa = PBXGroup;
			children = (
				004367E61FCA6DA500A2C020 /* TigerDroppingsTests.swift */,
				0038A65E1FCB59E9006998BB /* APIManagerTests.swift */,
				004367E81FCA6DA500A2C020 /* Info.plist */,
			);
			path = TigerDroppingsTests;
			sourceTree = "<group>";
		};
		004367F01FCA6DA500A2C020 /* TigerDroppingsUITests */ = {
			isa = PBXGroup;
			children = (
				004367F11FCA6DA500A2C020 /* TigerDroppingsUITests.swift */,
				004367F31FCA6DA500A2C020 /* Info.plist */,
			);
			path = TigerDroppingsUITests;
			sourceTree = "<group>";
		};
		570D35C6C322E4CCC75AC01E /* Pods */ = {
			isa = PBXGroup;
			children = (
				1C452B4071EE4428E0C8BA2E /* Pods-TigerDroppings.debug.xcconfig */,
				CAB9207942AA8EB484583B86 /* Pods-TigerDroppings.release.xcconfig */,
				C9F38FD4A020CDA37B7D3B98 /* Pods-TigerDroppingsTests.debug.xcconfig */,
				EFE8B04A114584B491ACA467 /* Pods-TigerDroppingsTests.release.xcconfig */,
				DF9BBBDB481BF374236E939E /* Pods-TigerDroppingsUITests.debug.xcconfig */,
				A82DEE51972670C29860FAA5 /* Pods-TigerDroppingsUITests.release.xcconfig */,
			);
			name = Pods;
			sourceTree = "<group>";
		};
		E27581EC96F6F608AA56FF83 /* Frameworks */ = {
			isa = PBXGroup;
			children = (
				F405D14BDBBED921848EA637 /* Pods_TigerDroppings.framework */,
				8E8BBDDB95C941ABE10706F5 /* Pods_TigerDroppingsTests.framework */,
				65B7A3B18C6F57B74A1BC0D0 /* Pods_TigerDroppingsUITests.framework */,
			);
			name = Frameworks;
			sourceTree = "<group>";
		};
/* End PBXGroup section */

/* Begin PBXNativeTarget section */
		004367CD1FCA6DA500A2C020 /* TigerDroppings */ = {
			isa = PBXNativeTarget;
			buildConfigurationList = 004367F61FCA6DA500A2C020 /* Build configuration list for PBXNativeTarget "TigerDroppings" */;
			buildPhases = (
				E69F334E47117B18D3BB8849 /* [CP] Check Pods Manifest.lock */,
				004367CA1FCA6DA500A2C020 /* Sources */,
				004367CB1FCA6DA500A2C020 /* Frameworks */,
				004367CC1FCA6DA500A2C020 /* Resources */,
				00D6E26A1FCB505B00390648 /* Embed Frameworks */,
				00D6E26E1FCB50BA00390648 /* ShellScript */,
				E4E7CBFCA2A1D2CCFD84C255 /* [CP] Embed Pods Frameworks */,
				F0D2FE2967EC089E9723B1AF /* [CP] Copy Pods Resources */,
			);
			buildRules = (
			);
			dependencies = (
			);
			name = TigerDroppings;
			productName = TigerDroppings;
			productReference = 004367CE1FCA6DA500A2C020 /* TigerDroppings.app */;
			productType = "com.apple.product-type.application";
		};
		004367E11FCA6DA500A2C020 /* TigerDroppingsTests */ = {
			isa = PBXNativeTarget;
			buildConfigurationList = 004367F91FCA6DA500A2C020 /* Build configuration list for PBXNativeTarget "TigerDroppingsTests" */;
			buildPhases = (
				148A57DBB809C9C45C106D5C /* [CP] Check Pods Manifest.lock */,
				004367DE1FCA6DA500A2C020 /* Sources */,
				004367DF1FCA6DA500A2C020 /* Frameworks */,
				004367E01FCA6DA500A2C020 /* Resources */,
				3AC6EEDD69CAF6B1B052A718 /* [CP] Embed Pods Frameworks */,
				BE4B56639A11ED4E1890EB3C /* [CP] Copy Pods Resources */,
			);
			buildRules = (
			);
			dependencies = (
				004367E41FCA6DA500A2C020 /* PBXTargetDependency */,
			);
			name = TigerDroppingsTests;
			productName = TigerDroppingsTests;
			productReference = 004367E21FCA6DA500A2C020 /* TigerDroppingsTests.xctest */;
			productType = "com.apple.product-type.bundle.unit-test";
		};
		004367EC1FCA6DA500A2C020 /* TigerDroppingsUITests */ = {
			isa = PBXNativeTarget;
			buildConfigurationList = 004367FC1FCA6DA500A2C020 /* Build configuration list for PBXNativeTarget "TigerDroppingsUITests" */;
			buildPhases = (
				11A11F9C1856789DC06E1701 /* [CP] Check Pods Manifest.lock */,
				004367E91FCA6DA500A2C020 /* Sources */,
				004367EA1FCA6DA500A2C020 /* Frameworks */,
				004367EB1FCA6DA500A2C020 /* Resources */,
				27D29EB0029D608DC700C92C /* [CP] Embed Pods Frameworks */,
				6A0394E812BA2BD5B8F33A20 /* [CP] Copy Pods Resources */,
			);
			buildRules = (
			);
			dependencies = (
				004367EF1FCA6DA500A2C020 /* PBXTargetDependency */,
			);
			name = TigerDroppingsUITests;
			productName = TigerDroppingsUITests;
			productReference = 004367ED1FCA6DA500A2C020 /* TigerDroppingsUITests.xctest */;
			productType = "com.apple.product-type.bundle.ui-testing";
		};
/* End PBXNativeTarget section */

/* Begin PBXProject section */
		004367C61FCA6DA500A2C020 /* Project object */ = {
			isa = PBXProject;
			attributes = {
				LastSwiftUpdateCheck = 0910;
				LastUpgradeCheck = 0910;
				ORGANIZATIONNAME = "James Kiel";
				TargetAttributes = {
					004367CD1FCA6DA500A2C020 = {
						CreatedOnToolsVersion = 9.1;
						ProvisioningStyle = Manual;
					};
					004367E11FCA6DA500A2C020 = {
						CreatedOnToolsVersion = 9.1;
						ProvisioningStyle = Automatic;
						TestTargetID = 004367CD1FCA6DA500A2C020;
					};
					004367EC1FCA6DA500A2C020 = {
						CreatedOnToolsVersion = 9.1;
						ProvisioningStyle = Automatic;
						TestTargetID = 004367CD1FCA6DA500A2C020;
					};
				};
			};
			buildConfigurationList = 004367C91FCA6DA500A2C020 /* Build configuration list for PBXProject "TigerDroppings" */;
			compatibilityVersion = "Xcode 8.0";
			developmentRegion = en;
			hasScannedForEncodings = 0;
			knownRegions = (
				en,
				Base,
			);
			mainGroup = 004367C51FCA6DA500A2C020;
			productRefGroup = 004367CF1FCA6DA500A2C020 /* Products */;
			projectDirPath = "";
			projectRoot = "";
			targets = (
				004367CD1FCA6DA500A2C020 /* TigerDroppings */,
				004367E11FCA6DA500A2C020 /* TigerDroppingsTests */,
				004367EC1FCA6DA500A2C020 /* TigerDroppingsUITests */,
			);
		};
/* End PBXProject section */

/* Begin PBXResourcesBuildPhase section */
		004367CC1FCA6DA500A2C020 /* Resources */ = {
			isa = PBXResourcesBuildPhase;
			buildActionMask = 2147483647;
			files = (
				004367DC1FCA6DA500A2C020 /* LaunchScreen.storyboard in Resources */,
				00CAB4471FD3A8E20030E03E /* BoardLinks.plist in Resources */,
				00CAB43F1FD3A8520030E03E /* BoardNames.plist in Resources */,
				004367D91FCA6DA500A2C020 /* Assets.xcassets in Resources */,
				004367D71FCA6DA500A2C020 /* Main.storyboard in Resources */,
			);
			runOnlyForDeploymentPostprocessing = 0;
		};
		004367E01FCA6DA500A2C020 /* Resources */ = {
			isa = PBXResourcesBuildPhase;
			buildActionMask = 2147483647;
			files = (
				00CAB4401FD3A8520030E03E /* BoardNames.plist in Resources */,
				00CAB4481FD3A8E20030E03E /* BoardLinks.plist in Resources */,
			);
			runOnlyForDeploymentPostprocessing = 0;
		};
		004367EB1FCA6DA500A2C020 /* Resources */ = {
			isa = PBXResourcesBuildPhase;
			buildActionMask = 2147483647;
			files = (
				00CAB4411FD3A8520030E03E /* BoardNames.plist in Resources */,
				00CAB4491FD3A8E20030E03E /* BoardLinks.plist in Resources */,
			);
			runOnlyForDeploymentPostprocessing = 0;
		};
/* End PBXResourcesBuildPhase section */

/* Begin PBXShellScriptBuildPhase section */
		00D6E26E1FCB50BA00390648 /* ShellScript */ = {
			isa = PBXShellScriptBuildPhase;
			buildActionMask = 8;
			files = (
			);
			inputPaths = (
			);
			outputPaths = (
			);
			runOnlyForDeploymentPostprocessing = 1;
			shellPath = /bin/sh;
			shellScript = "";
		};
		11A11F9C1856789DC06E1701 /* [CP] Check Pods Manifest.lock */ = {
			isa = PBXShellScriptBuildPhase;
			buildActionMask = 2147483647;
			files = (
			);
			inputPaths = (
				"${PODS_PODFILE_DIR_PATH}/Podfile.lock",
				"${PODS_ROOT}/Manifest.lock",
			);
			name = "[CP] Check Pods Manifest.lock";
			outputPaths = (
				"$(DERIVED_FILE_DIR)/Pods-TigerDroppingsUITests-checkManifestLockResult.txt",
			);
			runOnlyForDeploymentPostprocessing = 0;
			shellPath = /bin/sh;
			shellScript = "diff \"${PODS_PODFILE_DIR_PATH}/Podfile.lock\" \"${PODS_ROOT}/Manifest.lock\" > /dev/null\nif [ $? != 0 ] ; then\n    # print error to STDERR\n    echo \"error: The sandbox is not in sync with the Podfile.lock. Run 'pod install' or update your CocoaPods installation.\" >&2\n    exit 1\nfi\n# This output is used by Xcode 'outputs' to avoid re-running this script phase.\necho \"SUCCESS\" > \"${SCRIPT_OUTPUT_FILE_0}\"\n";
			showEnvVarsInLog = 0;
		};
		148A57DBB809C9C45C106D5C /* [CP] Check Pods Manifest.lock */ = {
			isa = PBXShellScriptBuildPhase;
			buildActionMask = 2147483647;
			files = (
			);
			inputPaths = (
				"${PODS_PODFILE_DIR_PATH}/Podfile.lock",
				"${PODS_ROOT}/Manifest.lock",
			);
			name = "[CP] Check Pods Manifest.lock";
			outputPaths = (
				"$(DERIVED_FILE_DIR)/Pods-TigerDroppingsTests-checkManifestLockResult.txt",
			);
			runOnlyForDeploymentPostprocessing = 0;
			shellPath = /bin/sh;
			shellScript = "diff \"${PODS_PODFILE_DIR_PATH}/Podfile.lock\" \"${PODS_ROOT}/Manifest.lock\" > /dev/null\nif [ $? != 0 ] ; then\n    # print error to STDERR\n    echo \"error: The sandbox is not in sync with the Podfile.lock. Run 'pod install' or update your CocoaPods installation.\" >&2\n    exit 1\nfi\n# This output is used by Xcode 'outputs' to avoid re-running this script phase.\necho \"SUCCESS\" > \"${SCRIPT_OUTPUT_FILE_0}\"\n";
			showEnvVarsInLog = 0;
		};
		27D29EB0029D608DC700C92C /* [CP] Embed Pods Frameworks */ = {
			isa = PBXShellScriptBuildPhase;
			buildActionMask = 2147483647;
			files = (
			);
			inputPaths = (
				"${SRCROOT}/Pods/Target Support Files/Pods-TigerDroppingsUITests/Pods-TigerDroppingsUITests-frameworks.sh",
				"${BUILT_PRODUCTS_DIR}/Alamofire/Alamofire.framework",
				"${BUILT_PRODUCTS_DIR}/SwiftSoup/SwiftSoup.framework",
			);
			name = "[CP] Embed Pods Frameworks";
			outputPaths = (
				"${TARGET_BUILD_DIR}/${FRAMEWORKS_FOLDER_PATH}/Alamofire.framework",
				"${TARGET_BUILD_DIR}/${FRAMEWORKS_FOLDER_PATH}/SwiftSoup.framework",
			);
			runOnlyForDeploymentPostprocessing = 0;
			shellPath = /bin/sh;
			shellScript = "\"${SRCROOT}/Pods/Target Support Files/Pods-TigerDroppingsUITests/Pods-TigerDroppingsUITests-frameworks.sh\"\n";
			showEnvVarsInLog = 0;
		};
		3AC6EEDD69CAF6B1B052A718 /* [CP] Embed Pods Frameworks */ = {
			isa = PBXShellScriptBuildPhase;
			buildActionMask = 2147483647;
			files = (
			);
			inputPaths = (
				"${SRCROOT}/Pods/Target Support Files/Pods-TigerDroppingsTests/Pods-TigerDroppingsTests-frameworks.sh",
				"${BUILT_PRODUCTS_DIR}/Alamofire/Alamofire.framework",
				"${BUILT_PRODUCTS_DIR}/SwiftSoup/SwiftSoup.framework",
			);
			name = "[CP] Embed Pods Frameworks";
			outputPaths = (
				"${TARGET_BUILD_DIR}/${FRAMEWORKS_FOLDER_PATH}/Alamofire.framework",
				"${TARGET_BUILD_DIR}/${FRAMEWORKS_FOLDER_PATH}/SwiftSoup.framework",
			);
			runOnlyForDeploymentPostprocessing = 0;
			shellPath = /bin/sh;
			shellScript = "\"${SRCROOT}/Pods/Target Support Files/Pods-TigerDroppingsTests/Pods-TigerDroppingsTests-frameworks.sh\"\n";
			showEnvVarsInLog = 0;
		};
		6A0394E812BA2BD5B8F33A20 /* [CP] Copy Pods Resources */ = {
			isa = PBXShellScriptBuildPhase;
			buildActionMask = 2147483647;
			files = (
			);
			inputPaths = (
			);
			name = "[CP] Copy Pods Resources";
			outputPaths = (
			);
			runOnlyForDeploymentPostprocessing = 0;
			shellPath = /bin/sh;
			shellScript = "\"${SRCROOT}/Pods/Target Support Files/Pods-TigerDroppingsUITests/Pods-TigerDroppingsUITests-resources.sh\"\n";
			showEnvVarsInLog = 0;
		};
		BE4B56639A11ED4E1890EB3C /* [CP] Copy Pods Resources */ = {
			isa = PBXShellScriptBuildPhase;
			buildActionMask = 2147483647;
			files = (
			);
			inputPaths = (
			);
			name = "[CP] Copy Pods Resources";
			outputPaths = (
			);
			runOnlyForDeploymentPostprocessing = 0;
			shellPath = /bin/sh;
			shellScript = "\"${SRCROOT}/Pods/Target Support Files/Pods-TigerDroppingsTests/Pods-TigerDroppingsTests-resources.sh\"\n";
			showEnvVarsInLog = 0;
		};
		E4E7CBFCA2A1D2CCFD84C255 /* [CP] Embed Pods Frameworks */ = {
			isa = PBXShellScriptBuildPhase;
			buildActionMask = 2147483647;
			files = (
			);
			inputPaths = (
				"${SRCROOT}/Pods/Target Support Files/Pods-TigerDroppings/Pods-TigerDroppings-frameworks.sh",
				"${BUILT_PRODUCTS_DIR}/Alamofire/Alamofire.framework",
				"${BUILT_PRODUCTS_DIR}/SwiftSoup/SwiftSoup.framework",
			);
			name = "[CP] Embed Pods Frameworks";
			outputPaths = (
				"${TARGET_BUILD_DIR}/${FRAMEWORKS_FOLDER_PATH}/Alamofire.framework",
				"${TARGET_BUILD_DIR}/${FRAMEWORKS_FOLDER_PATH}/SwiftSoup.framework",
			);
			runOnlyForDeploymentPostprocessing = 0;
			shellPath = /bin/sh;
			shellScript = "\"${SRCROOT}/Pods/Target Support Files/Pods-TigerDroppings/Pods-TigerDroppings-frameworks.sh\"\n";
			showEnvVarsInLog = 0;
		};
		E69F334E47117B18D3BB8849 /* [CP] Check Pods Manifest.lock */ = {
			isa = PBXShellScriptBuildPhase;
			buildActionMask = 2147483647;
			files = (
			);
			inputPaths = (
				"${PODS_PODFILE_DIR_PATH}/Podfile.lock",
				"${PODS_ROOT}/Manifest.lock",
			);
			name = "[CP] Check Pods Manifest.lock";
			outputPaths = (
				"$(DERIVED_FILE_DIR)/Pods-TigerDroppings-checkManifestLockResult.txt",
			);
			runOnlyForDeploymentPostprocessing = 0;
			shellPath = /bin/sh;
			shellScript = "diff \"${PODS_PODFILE_DIR_PATH}/Podfile.lock\" \"${PODS_ROOT}/Manifest.lock\" > /dev/null\nif [ $? != 0 ] ; then\n    # print error to STDERR\n    echo \"error: The sandbox is not in sync with the Podfile.lock. Run 'pod install' or update your CocoaPods installation.\" >&2\n    exit 1\nfi\n# This output is used by Xcode 'outputs' to avoid re-running this script phase.\necho \"SUCCESS\" > \"${SCRIPT_OUTPUT_FILE_0}\"\n";
			showEnvVarsInLog = 0;
		};
		F0D2FE2967EC089E9723B1AF /* [CP] Copy Pods Resources */ = {
			isa = PBXShellScriptBuildPhase;
			buildActionMask = 2147483647;
			files = (
			);
			inputPaths = (
			);
			name = "[CP] Copy Pods Resources";
			outputPaths = (
			);
			runOnlyForDeploymentPostprocessing = 0;
			shellPath = /bin/sh;
			shellScript = "\"${SRCROOT}/Pods/Target Support Files/Pods-TigerDroppings/Pods-TigerDroppings-resources.sh\"\n";
			showEnvVarsInLog = 0;
		};
/* End PBXShellScriptBuildPhase section */

/* Begin PBXSourcesBuildPhase section */
		004367CA1FCA6DA500A2C020 /* Sources */ = {
			isa = PBXSourcesBuildPhase;
			buildActionMask = 2147483647;
			files = (
				00D6E2641FCB054600390648 /* APIManager.swift in Sources */,
				001D86CB1FCE52F0009D0AD5 /* Thread.swift in Sources */,
				004368021FCA719300A2C020 /* BoardTitlesViewController.swift in Sources */,
				004367D41FCA6DA500A2C020 /* ViewController.swift in Sources */,
				00C037891FCB69F600F1B505 /* BoardThreadsViewCell.swift in Sources */,
				00C0378B1FCB754A00F1B505 /* TDParser.swift in Sources */,
				004368041FCA741200A2C020 /* Board.swift in Sources */,
				00C037871FCB693B00F1B505 /* BoardThreadsViewController.swift in Sources */,
				004368001FCA6E6A00A2C020 /* BoardTitlesViewCell.swift in Sources */,
				004367D21FCA6DA500A2C020 /* AppDelegate.swift in Sources */,
			);
			runOnlyForDeploymentPostprocessing = 0;
		};
		004367DE1FCA6DA500A2C020 /* Sources */ = {
			isa = PBXSourcesBuildPhase;
			buildActionMask = 2147483647;
			files = (
				00C0378C1FCB754E00F1B505 /* TDParser.swift in Sources */,
				001D86CC1FCE52F0009D0AD5 /* Thread.swift in Sources */,
				0038A6601FCB5DE2006998BB /* APIManager.swift in Sources */,
				004368051FCA79E700A2C020 /* Board.swift in Sources */,
				004367E71FCA6DA500A2C020 /* TigerDroppingsTests.swift in Sources */,
				0038A65F1FCB59E9006998BB /* APIManagerTests.swift in Sources */,
			);
			runOnlyForDeploymentPostprocessing = 0;
		};
		004367E91FCA6DA500A2C020 /* Sources */ = {
			isa = PBXSourcesBuildPhase;
			buildActionMask = 2147483647;
			files = (
				004367F21FCA6DA500A2C020 /* TigerDroppingsUITests.swift in Sources */,
			);
			runOnlyForDeploymentPostprocessing = 0;
		};
/* End PBXSourcesBuildPhase section */

/* Begin PBXTargetDependency section */
		004367E41FCA6DA500A2C020 /* PBXTargetDependency */ = {
			isa = PBXTargetDependency;
			target = 004367CD1FCA6DA500A2C020 /* TigerDroppings */;
			targetProxy = 004367E31FCA6DA500A2C020 /* PBXContainerItemProxy */;
		};
		004367EF1FCA6DA500A2C020 /* PBXTargetDependency */ = {
			isa = PBXTargetDependency;
			target = 004367CD1FCA6DA500A2C020 /* TigerDroppings */;
			targetProxy = 004367EE1FCA6DA500A2C020 /* PBXContainerItemProxy */;
		};
/* End PBXTargetDependency section */

/* Begin PBXVariantGroup section */
		004367D51FCA6DA500A2C020 /* Main.storyboard */ = {
			isa = PBXVariantGroup;
			children = (
				004367D61FCA6DA500A2C020 /* Base */,
			);
			name = Main.storyboard;
			sourceTree = "<group>";
		};
		004367DA1FCA6DA500A2C020 /* LaunchScreen.storyboard */ = {
			isa = PBXVariantGroup;
			children = (
				004367DB1FCA6DA500A2C020 /* Base */,
			);
			name = LaunchScreen.storyboard;
			sourceTree = "<group>";
		};
/* End PBXVariantGroup section */

/* Begin XCBuildConfiguration section */
		004367F41FCA6DA500A2C020 /* Debug */ = {
			isa = XCBuildConfiguration;
			buildSettings = {
				ALWAYS_SEARCH_USER_PATHS = NO;
				CLANG_ANALYZER_NONNULL = YES;
				CLANG_ANALYZER_NUMBER_OBJECT_CONVERSION = YES_AGGRESSIVE;
				CLANG_CXX_LANGUAGE_STANDARD = "gnu++14";
				CLANG_CXX_LIBRARY = "libc++";
				CLANG_ENABLE_MODULES = YES;
				CLANG_ENABLE_OBJC_ARC = YES;
				CLANG_WARN_BLOCK_CAPTURE_AUTORELEASING = YES;
				CLANG_WARN_BOOL_CONVERSION = YES;
				CLANG_WARN_COMMA = YES;
				CLANG_WARN_CONSTANT_CONVERSION = YES;
				CLANG_WARN_DIRECT_OBJC_ISA_USAGE = YES_ERROR;
				CLANG_WARN_DOCUMENTATION_COMMENTS = YES;
				CLANG_WARN_EMPTY_BODY = YES;
				CLANG_WARN_ENUM_CONVERSION = YES;
				CLANG_WARN_INFINITE_RECURSION = YES;
				CLANG_WARN_INT_CONVERSION = YES;
				CLANG_WARN_NON_LITERAL_NULL_CONVERSION = YES;
				CLANG_WARN_OBJC_LITERAL_CONVERSION = YES;
				CLANG_WARN_OBJC_ROOT_CLASS = YES_ERROR;
				CLANG_WARN_RANGE_LOOP_ANALYSIS = YES;
				CLANG_WARN_STRICT_PROTOTYPES = YES;
				CLANG_WARN_SUSPICIOUS_MOVE = YES;
				CLANG_WARN_UNGUARDED_AVAILABILITY = YES_AGGRESSIVE;
				CLANG_WARN_UNREACHABLE_CODE = YES;
				CLANG_WARN__DUPLICATE_METHOD_MATCH = YES;
				CODE_SIGN_IDENTITY = "iPhone Developer";
				COPY_PHASE_STRIP = NO;
				DEBUG_INFORMATION_FORMAT = dwarf;
				ENABLE_STRICT_OBJC_MSGSEND = YES;
				ENABLE_TESTABILITY = YES;
				GCC_C_LANGUAGE_STANDARD = gnu11;
				GCC_DYNAMIC_NO_PIC = NO;
				GCC_NO_COMMON_BLOCKS = YES;
				GCC_OPTIMIZATION_LEVEL = 0;
				GCC_PREPROCESSOR_DEFINITIONS = (
					"DEBUG=1",
					"$(inherited)",
				);
				GCC_WARN_64_TO_32_BIT_CONVERSION = YES;
				GCC_WARN_ABOUT_RETURN_TYPE = YES_ERROR;
				GCC_WARN_UNDECLARED_SELECTOR = YES;
				GCC_WARN_UNINITIALIZED_AUTOS = YES_AGGRESSIVE;
				GCC_WARN_UNUSED_FUNCTION = YES;
				GCC_WARN_UNUSED_VARIABLE = YES;
				IPHONEOS_DEPLOYMENT_TARGET = 11.1;
				MTL_ENABLE_DEBUG_INFO = YES;
				ONLY_ACTIVE_ARCH = YES;
				SDKROOT = iphoneos;
				SWIFT_ACTIVE_COMPILATION_CONDITIONS = DEBUG;
				SWIFT_OPTIMIZATION_LEVEL = "-Onone";
			};
			name = Debug;
		};
		004367F51FCA6DA500A2C020 /* Release */ = {
			isa = XCBuildConfiguration;
			buildSettings = {
				ALWAYS_SEARCH_USER_PATHS = NO;
				CLANG_ANALYZER_NONNULL = YES;
				CLANG_ANALYZER_NUMBER_OBJECT_CONVERSION = YES_AGGRESSIVE;
				CLANG_CXX_LANGUAGE_STANDARD = "gnu++14";
				CLANG_CXX_LIBRARY = "libc++";
				CLANG_ENABLE_MODULES = YES;
				CLANG_ENABLE_OBJC_ARC = YES;
				CLANG_WARN_BLOCK_CAPTURE_AUTORELEASING = YES;
				CLANG_WARN_BOOL_CONVERSION = YES;
				CLANG_WARN_COMMA = YES;
				CLANG_WARN_CONSTANT_CONVERSION = YES;
				CLANG_WARN_DIRECT_OBJC_ISA_USAGE = YES_ERROR;
				CLANG_WARN_DOCUMENTATION_COMMENTS = YES;
				CLANG_WARN_EMPTY_BODY = YES;
				CLANG_WARN_ENUM_CONVERSION = YES;
				CLANG_WARN_INFINITE_RECURSION = YES;
				CLANG_WARN_INT_CONVERSION = YES;
				CLANG_WARN_NON_LITERAL_NULL_CONVERSION = YES;
				CLANG_WARN_OBJC_LITERAL_CONVERSION = YES;
				CLANG_WARN_OBJC_ROOT_CLASS = YES_ERROR;
				CLANG_WARN_RANGE_LOOP_ANALYSIS = YES;
				CLANG_WARN_STRICT_PROTOTYPES = YES;
				CLANG_WARN_SUSPICIOUS_MOVE = YES;
				CLANG_WARN_UNGUARDED_AVAILABILITY = YES_AGGRESSIVE;
				CLANG_WARN_UNREACHABLE_CODE = YES;
				CLANG_WARN__DUPLICATE_METHOD_MATCH = YES;
				CODE_SIGN_IDENTITY = "iPhone Developer";
				COPY_PHASE_STRIP = NO;
				DEBUG_INFORMATION_FORMAT = "dwarf-with-dsym";
				ENABLE_NS_ASSERTIONS = NO;
				ENABLE_STRICT_OBJC_MSGSEND = YES;
				GCC_C_LANGUAGE_STANDARD = gnu11;
				GCC_NO_COMMON_BLOCKS = YES;
				GCC_WARN_64_TO_32_BIT_CONVERSION = YES;
				GCC_WARN_ABOUT_RETURN_TYPE = YES_ERROR;
				GCC_WARN_UNDECLARED_SELECTOR = YES;
				GCC_WARN_UNINITIALIZED_AUTOS = YES_AGGRESSIVE;
				GCC_WARN_UNUSED_FUNCTION = YES;
				GCC_WARN_UNUSED_VARIABLE = YES;
				IPHONEOS_DEPLOYMENT_TARGET = 11.1;
				MTL_ENABLE_DEBUG_INFO = NO;
				SDKROOT = iphoneos;
				SWIFT_OPTIMIZATION_LEVEL = "-Owholemodule";
				VALIDATE_PRODUCT = YES;
			};
			name = Release;
		};
		004367F71FCA6DA500A2C020 /* Debug */ = {
			isa = XCBuildConfiguration;
			baseConfigurationReference = 1C452B4071EE4428E0C8BA2E /* Pods-TigerDroppings.debug.xcconfig */;
			buildSettings = {
				ALWAYS_EMBED_SWIFT_STANDARD_LIBRARIES = "$(inherited)";
				ASSETCATALOG_COMPILER_APPICON_NAME = AppIcon;
				CODE_SIGN_IDENTITY = "iPhone Developer: J Kiel (BMZ77764D7)";
				CODE_SIGN_STYLE = Manual;
				DEVELOPMENT_TEAM = W74Q7J7A5F;
				FRAMEWORK_SEARCH_PATHS = "$(inherited)";
				HEADER_SEARCH_PATHS = (
					"$(inherited)",
					"$(SDKROOT)/usr/include/libxml2",
					"${PODS_ROOT}/*",
				);
				INFOPLIST_FILE = TigerDroppings/Info.plist;
				LD_RUNPATH_SEARCH_PATHS = "$(inherited) @executable_path/Frameworks";
				PRODUCT_BUNDLE_IDENTIFIER = com.jbkiel.tigertails;
				PRODUCT_NAME = "$(TARGET_NAME)";
				PROVISIONING_PROFILE = "dc4ed112-9f41-443f-88c1-4be871e5a262";
				PROVISIONING_PROFILE_SPECIFIER = TigerTalesProfile;
				SWIFT_VERSION = 4.0;
				TARGETED_DEVICE_FAMILY = "1,2";
			};
			name = Debug;
		};
		004367F81FCA6DA500A2C020 /* Release */ = {
			isa = XCBuildConfiguration;
			baseConfigurationReference = CAB9207942AA8EB484583B86 /* Pods-TigerDroppings.release.xcconfig */;
			buildSettings = {
				ALWAYS_EMBED_SWIFT_STANDARD_LIBRARIES = "$(inherited)";
				ASSETCATALOG_COMPILER_APPICON_NAME = AppIcon;
				CODE_SIGN_IDENTITY = "iPhone Developer: J Kiel (BMZ77764D7)";
				CODE_SIGN_STYLE = Manual;
				DEVELOPMENT_TEAM = W74Q7J7A5F;
				FRAMEWORK_SEARCH_PATHS = "$(inherited)";
				HEADER_SEARCH_PATHS = (
					"$(inherited)",
					"$(SDKROOT)/usr/include/libxml2",
					"${PODS_ROOT}/*",
				);
				INFOPLIST_FILE = TigerDroppings/Info.plist;
				LD_RUNPATH_SEARCH_PATHS = "$(inherited) @executable_path/Frameworks";
				PRODUCT_BUNDLE_IDENTIFIER = com.jbkiel.tigertails;
				PRODUCT_NAME = "$(TARGET_NAME)";
				PROVISIONING_PROFILE = "dc4ed112-9f41-443f-88c1-4be871e5a262";
				PROVISIONING_PROFILE_SPECIFIER = TigerTalesProfile;
				SWIFT_VERSION = 4.0;
				TARGETED_DEVICE_FAMILY = "1,2";
			};
			name = Release;
		};
		004367FA1FCA6DA500A2C020 /* Debug */ = {
			isa = XCBuildConfiguration;
			baseConfigurationReference = C9F38FD4A020CDA37B7D3B98 /* Pods-TigerDroppingsTests.debug.xcconfig */;
			buildSettings = {
				ALWAYS_EMBED_SWIFT_STANDARD_LIBRARIES = "$(inherited)";
				BUNDLE_LOADER = "$(TEST_HOST)";
				CODE_SIGN_STYLE = Automatic;
				DEVELOPMENT_TEAM = W74Q7J7A5F;
				FRAMEWORK_SEARCH_PATHS = "$(inherited)";
				INFOPLIST_FILE = TigerDroppingsTests/Info.plist;
				LD_RUNPATH_SEARCH_PATHS = "$(inherited) @executable_path/Frameworks @loader_path/Frameworks";
				PRODUCT_BUNDLE_IDENTIFIER = jblairkiel.TigerDroppingsTests;
				PRODUCT_NAME = "$(TARGET_NAME)";
				SWIFT_VERSION = 4.0;
				TARGETED_DEVICE_FAMILY = "1,2";
				TEST_HOST = "$(BUILT_PRODUCTS_DIR)/TigerDroppings.app/TigerDroppings";
			};
			name = Debug;
		};
		004367FB1FCA6DA500A2C020 /* Release */ = {
			isa = XCBuildConfiguration;
			baseConfigurationReference = EFE8B04A114584B491ACA467 /* Pods-TigerDroppingsTests.release.xcconfig */;
			buildSettings = {
				ALWAYS_EMBED_SWIFT_STANDARD_LIBRARIES = "$(inherited)";
				BUNDLE_LOADER = "$(TEST_HOST)";
				CODE_SIGN_STYLE = Automatic;
				DEVELOPMENT_TEAM = W74Q7J7A5F;
				FRAMEWORK_SEARCH_PATHS = "$(inherited)";
				INFOPLIST_FILE = TigerDroppingsTests/Info.plist;
				LD_RUNPATH_SEARCH_PATHS = "$(inherited) @executable_path/Frameworks @loader_path/Frameworks";
				PRODUCT_BUNDLE_IDENTIFIER = jblairkiel.TigerDroppingsTests;
				PRODUCT_NAME = "$(TARGET_NAME)";
				SWIFT_VERSION = 4.0;
				TARGETED_DEVICE_FAMILY = "1,2";
				TEST_HOST = "$(BUILT_PRODUCTS_DIR)/TigerDroppings.app/TigerDroppings";
			};
			name = Release;
		};
		004367FD1FCA6DA500A2C020 /* Debug */ = {
			isa = XCBuildConfiguration;
			baseConfigurationReference = DF9BBBDB481BF374236E939E /* Pods-TigerDroppingsUITests.debug.xcconfig */;
			buildSettings = {
				ALWAYS_EMBED_SWIFT_STANDARD_LIBRARIES = "$(inherited)";
				CODE_SIGN_STYLE = Automatic;
				DEVELOPMENT_TEAM = W74Q7J7A5F;
				INFOPLIST_FILE = TigerDroppingsUITests/Info.plist;
				LD_RUNPATH_SEARCH_PATHS = "$(inherited) @executable_path/Frameworks @loader_path/Frameworks";
				PRODUCT_BUNDLE_IDENTIFIER = jblairkiel.TigerDroppingsUITests;
				PRODUCT_NAME = "$(TARGET_NAME)";
				SWIFT_VERSION = 4.0;
				TARGETED_DEVICE_FAMILY = "1,2";
				TEST_TARGET_NAME = TigerDroppings;
			};
			name = Debug;
		};
		004367FE1FCA6DA500A2C020 /* Release */ = {
			isa = XCBuildConfiguration;
			baseConfigurationReference = A82DEE51972670C29860FAA5 /* Pods-TigerDroppingsUITests.release.xcconfig */;
			buildSettings = {
				ALWAYS_EMBED_SWIFT_STANDARD_LIBRARIES = "$(inherited)";
				CODE_SIGN_STYLE = Automatic;
				DEVELOPMENT_TEAM = W74Q7J7A5F;
				INFOPLIST_FILE = TigerDroppingsUITests/Info.plist;
				LD_RUNPATH_SEARCH_PATHS = "$(inherited) @executable_path/Frameworks @loader_path/Frameworks";
				PRODUCT_BUNDLE_IDENTIFIER = jblairkiel.TigerDroppingsUITests;
				PRODUCT_NAME = "$(TARGET_NAME)";
				SWIFT_VERSION = 4.0;
				TARGETED_DEVICE_FAMILY = "1,2";
				TEST_TARGET_NAME = TigerDroppings;
			};
			name = Release;
		};
/* End XCBuildConfiguration section */

/* Begin XCConfigurationList section */
		004367C91FCA6DA500A2C020 /* Build configuration list for PBXProject "TigerDroppings" */ = {
			isa = XCConfigurationList;
			buildConfigurations = (
				004367F41FCA6DA500A2C020 /* Debug */,
				004367F51FCA6DA500A2C020 /* Release */,
			);
			defaultConfigurationIsVisible = 0;
			defaultConfigurationName = Release;
		};
		004367F61FCA6DA500A2C020 /* Build configuration list for PBXNativeTarget "TigerDroppings" */ = {
			isa = XCConfigurationList;
			buildConfigurations = (
				004367F71FCA6DA500A2C020 /* Debug */,
				004367F81FCA6DA500A2C020 /* Release */,
			);
			defaultConfigurationIsVisible = 0;
			defaultConfigurationName = Release;
		};
		004367F91FCA6DA500A2C020 /* Build configuration list for PBXNativeTarget "TigerDroppingsTests" */ = {
			isa = XCConfigurationList;
			buildConfigurations = (
				004367FA1FCA6DA500A2C020 /* Debug */,
				004367FB1FCA6DA500A2C020 /* Release */,
			);
			defaultConfigurationIsVisible = 0;
			defaultConfigurationName = Release;
		};
		004367FC1FCA6DA500A2C020 /* Build configuration list for PBXNativeTarget "TigerDroppingsUITests" */ = {
			isa = XCConfigurationList;
			buildConfigurations = (
				004367FD1FCA6DA500A2C020 /* Debug */,
				004367FE1FCA6DA500A2C020 /* Release */,
			);
			defaultConfigurationIsVisible = 0;
			defaultConfigurationName = Release;
		};
/* End XCConfigurationList section */
	};
	rootObject = 004367C61FCA6DA500A2C020 /* Project object */;
}
